// !$*UTF8*$!
{
	archiveVersion = 1;
	classes = {
	};
	objectVersion = 46;
	objects = {

/* Begin PBXBuildFile section */
		3C01B4C818DB77EC0044D432 /* libiOS-oscpack.a in Frameworks */ = {isa = PBXBuildFile; fileRef = 3C01B4C018DB6E4B0044D432 /* libiOS-oscpack.a */; };
		3C098AF31C10CCB800B7C282 /* settings.png in Resources */ = {isa = PBXBuildFile; fileRef = 3C098AF11C10CCB800B7C282 /* settings.png */; };
		3C098AF41C10CCB800B7C282 /* settings@2x.png in Resources */ = {isa = PBXBuildFile; fileRef = 3C098AF21C10CCB800B7C282 /* settings@2x.png */; };
		3C098AF71C10CE1D00B7C282 /* broadcast.png in Resources */ = {isa = PBXBuildFile; fileRef = 3C098AF51C10CE1D00B7C282 /* broadcast.png */; };
		3C098AF81C10CE1D00B7C282 /* broadcast@2x.png in Resources */ = {isa = PBXBuildFile; fileRef = 3C098AF61C10CE1D00B7C282 /* broadcast@2x.png */; };
		3C36A8F418C7DD7600D13CAF /* CoreMotion.framework in Frameworks */ = {isa = PBXBuildFile; fileRef = 3C36A8F318C7DD7600D13CAF /* CoreMotion.framework */; };
		3CF9FFA51C20B86100A9F636 /* GraphView.swift in Sources */ = {isa = PBXBuildFile; fileRef = 3CF9FFA41C20B86100A9F636 /* GraphView.swift */; };
		3CF9FFAA1C224C4E00A9F636 /* alert.png in Resources */ = {isa = PBXBuildFile; fileRef = 3CF9FFA81C224C4E00A9F636 /* alert.png */; };
		3CF9FFAB1C224C4E00A9F636 /* alert@2x.png in Resources */ = {isa = PBXBuildFile; fileRef = 3CF9FFA91C224C4E00A9F636 /* alert@2x.png */; };
		9A1B804B16EABA1A00941540 /* main.m in Sources */ = {isa = PBXBuildFile; fileRef = 9A1B804616EABA1A00941540 /* main.m */; };
		9A1B804C16EABA1A00941540 /* SensorAppDelegate.m in Sources */ = {isa = PBXBuildFile; fileRef = 9A1B804816EABA1A00941540 /* SensorAppDelegate.m */; };
		9A29D20016E3D94C005519C6 /* SensorSettings.m in Sources */ = {isa = PBXBuildFile; fileRef = 9A29D1FF16E3D94C005519C6 /* SensorSettings.m */; };
		9A7F3FFE16E2E6DF00DDBE40 /* UIKit.framework in Frameworks */ = {isa = PBXBuildFile; fileRef = 9A7F3FFD16E2E6DF00DDBE40 /* UIKit.framework */; };
		9A7F400016E2E6DF00DDBE40 /* Foundation.framework in Frameworks */ = {isa = PBXBuildFile; fileRef = 9A7F3FFF16E2E6DF00DDBE40 /* Foundation.framework */; };
		9A7F400216E2E6DF00DDBE40 /* CoreGraphics.framework in Frameworks */ = {isa = PBXBuildFile; fileRef = 9A7F400116E2E6DF00DDBE40 /* CoreGraphics.framework */; };
		9A7F400816E2E6DF00DDBE40 /* InfoPlist.strings in Resources */ = {isa = PBXBuildFile; fileRef = 9A7F400616E2E6DF00DDBE40 /* InfoPlist.strings */; };
		9A7F401716E2E6DF00DDBE40 /* MainStoryboard.storyboard in Resources */ = {isa = PBXBuildFile; fileRef = 9A7F401516E2E6DF00DDBE40 /* MainStoryboard.storyboard */; };
		9AB4EB1E16E9CFD0004F13B5 /* Sender.mm in Sources */ = {isa = PBXBuildFile; fileRef = 9AB4EB1D16E9CFD0004F13B5 /* Sender.mm */; };
		9AB4EB2716E9D055004F13B5 /* acceleration.png in Resources */ = {isa = PBXBuildFile; fileRef = 9AB4EB1F16E9D055004F13B5 /* acceleration.png */; };
		9AB4EB3416E9D07F004F13B5 /* SendController.m in Sources */ = {isa = PBXBuildFile; fileRef = 9AB4EB3116E9D07F004F13B5 /* SendController.m */; };
		9AB4EB3516E9D07F004F13B5 /* SensorSettingsController.m in Sources */ = {isa = PBXBuildFile; fileRef = 9AB4EB3316E9D07F004F13B5 /* SensorSettingsController.m */; };
		9AB4EB3716E9D1F4004F13B5 /* Default-568h@2x.png in Resources */ = {isa = PBXBuildFile; fileRef = 9AB4EB3616E9D1F3004F13B5 /* Default-568h@2x.png */; };
		9AB4EB3916E9D20B004F13B5 /* Default@2x.png in Resources */ = {isa = PBXBuildFile; fileRef = 9AB4EB3816E9D20B004F13B5 /* Default@2x.png */; };
		9AB4EB3B16E9D215004F13B5 /* Default.png in Resources */ = {isa = PBXBuildFile; fileRef = 9AB4EB3A16E9D214004F13B5 /* Default.png */; };
		9AB4EB3D16E9D231004F13B5 /* icon.png in Resources */ = {isa = PBXBuildFile; fileRef = 9AB4EB3C16E9D231004F13B5 /* icon.png */; };
		9AB4EB3F16E9D23D004F13B5 /* icon-retina.png in Resources */ = {isa = PBXBuildFile; fileRef = 9AB4EB3E16E9D23D004F13B5 /* icon-retina.png */; };
/* End PBXBuildFile section */

/* Begin PBXContainerItemProxy section */
		3C01B4BF18DB6E4B0044D432 /* PBXContainerItemProxy */ = {
			isa = PBXContainerItemProxy;
			containerPortal = 3C01B4BA18DB6E4B0044D432 /* iOS-oscpack.xcodeproj */;
			proxyType = 2;
			remoteGlobalIDString = 3C01B43618DA1C720044D432;
			remoteInfo = "iOS-oscpack";
		};
		3C01B4C118DB6E4B0044D432 /* PBXContainerItemProxy */ = {
			isa = PBXContainerItemProxy;
			containerPortal = 3C01B4BA18DB6E4B0044D432 /* iOS-oscpack.xcodeproj */;
			proxyType = 2;
			remoteGlobalIDString = 3C01B44618DA1C720044D432;
			remoteInfo = "iOS-oscpackTests";
		};
		3C01B4C618DB77D00044D432 /* PBXContainerItemProxy */ = {
			isa = PBXContainerItemProxy;
			containerPortal = 3C01B4BA18DB6E4B0044D432 /* iOS-oscpack.xcodeproj */;
			proxyType = 1;
			remoteGlobalIDString = 3C01B43518DA1C720044D432;
			remoteInfo = "iOS-oscpack";
		};
/* End PBXContainerItemProxy section */

/* Begin PBXCopyFilesBuildPhase section */
		3C199D3B1C1B746A003066A4 /* Embed Frameworks */ = {
			isa = PBXCopyFilesBuildPhase;
			buildActionMask = 2147483647;
			dstPath = "";
			dstSubfolderSpec = 10;
			files = (
			);
			name = "Embed Frameworks";
			runOnlyForDeploymentPostprocessing = 0;
		};
/* End PBXCopyFilesBuildPhase section */

/* Begin PBXFileReference section */
		3C01B4BA18DB6E4B0044D432 /* iOS-oscpack.xcodeproj */ = {isa = PBXFileReference; lastKnownFileType = "wrapper.pb-project"; name = "iOS-oscpack.xcodeproj"; path = "../iOS-oscpack/iOS-oscpack.xcodeproj"; sourceTree = "<group>"; };
		3C098AF11C10CCB800B7C282 /* settings.png */ = {isa = PBXFileReference; lastKnownFileType = image.png; path = settings.png; sourceTree = "<group>"; };
		3C098AF21C10CCB800B7C282 /* settings@2x.png */ = {isa = PBXFileReference; lastKnownFileType = image.png; path = "settings@2x.png"; sourceTree = "<group>"; };
		3C098AF51C10CE1D00B7C282 /* broadcast.png */ = {isa = PBXFileReference; lastKnownFileType = image.png; path = broadcast.png; sourceTree = "<group>"; };
		3C098AF61C10CE1D00B7C282 /* broadcast@2x.png */ = {isa = PBXFileReference; lastKnownFileType = image.png; path = "broadcast@2x.png"; sourceTree = "<group>"; };
		3C36A8F318C7DD7600D13CAF /* CoreMotion.framework */ = {isa = PBXFileReference; lastKnownFileType = wrapper.framework; name = CoreMotion.framework; path = System/Library/Frameworks/CoreMotion.framework; sourceTree = SDKROOT; };
		3CF9FFA31C20B86000A9F636 /* SensorStreamer-Bridging-Header.h */ = {isa = PBXFileReference; lastKnownFileType = sourcecode.c.h; path = "SensorStreamer-Bridging-Header.h"; sourceTree = "<group>"; };
		3CF9FFA41C20B86100A9F636 /* GraphView.swift */ = {isa = PBXFileReference; fileEncoding = 4; lastKnownFileType = sourcecode.swift; name = GraphView.swift; path = views/GraphView.swift; sourceTree = "<group>"; };
		3CF9FFA81C224C4E00A9F636 /* alert.png */ = {isa = PBXFileReference; lastKnownFileType = image.png; path = alert.png; sourceTree = "<group>"; };
		3CF9FFA91C224C4E00A9F636 /* alert@2x.png */ = {isa = PBXFileReference; lastKnownFileType = image.png; path = "alert@2x.png"; sourceTree = "<group>"; };
		9A1B804616EABA1A00941540 /* main.m */ = {isa = PBXFileReference; fileEncoding = 4; lastKnownFileType = sourcecode.c.objc; name = main.m; path = support/main.m; sourceTree = "<group>"; };
		9A1B804716EABA1A00941540 /* SensorAppDelegate.h */ = {isa = PBXFileReference; fileEncoding = 4; lastKnownFileType = sourcecode.c.h; name = SensorAppDelegate.h; path = support/SensorAppDelegate.h; sourceTree = "<group>"; };
		9A1B804816EABA1A00941540 /* SensorAppDelegate.m */ = {isa = PBXFileReference; fileEncoding = 4; lastKnownFileType = sourcecode.c.objc; name = SensorAppDelegate.m; path = support/SensorAppDelegate.m; sourceTree = "<group>"; };
		9A1B805816EACC0200941540 /* SensorStreamer-Info.plist */ = {isa = PBXFileReference; fileEncoding = 4; lastKnownFileType = text.plist.xml; path = "SensorStreamer-Info.plist"; sourceTree = "<group>"; };
		9A1B805A16EACC3D00941540 /* SensorStreamer-Prefix.pch */ = {isa = PBXFileReference; lastKnownFileType = sourcecode.c.h; path = "SensorStreamer-Prefix.pch"; sourceTree = "<group>"; };
		9A29D1FE16E3D94C005519C6 /* SensorSettings.h */ = {isa = PBXFileReference; fileEncoding = 4; lastKnownFileType = sourcecode.c.h; name = SensorSettings.h; path = models/SensorSettings.h; sourceTree = "<group>"; };
		9A29D1FF16E3D94C005519C6 /* SensorSettings.m */ = {isa = PBXFileReference; fileEncoding = 4; lastKnownFileType = sourcecode.c.objc; name = SensorSettings.m; path = models/SensorSettings.m; sourceTree = "<group>"; };
		9A7F3FFA16E2E6DF00DDBE40 /* SensorStreamer.app */ = {isa = PBXFileReference; explicitFileType = wrapper.application; includeInIndex = 0; path = SensorStreamer.app; sourceTree = BUILT_PRODUCTS_DIR; };
		9A7F3FFD16E2E6DF00DDBE40 /* UIKit.framework */ = {isa = PBXFileReference; lastKnownFileType = wrapper.framework; name = UIKit.framework; path = System/Library/Frameworks/UIKit.framework; sourceTree = SDKROOT; };
		9A7F3FFF16E2E6DF00DDBE40 /* Foundation.framework */ = {isa = PBXFileReference; lastKnownFileType = wrapper.framework; name = Foundation.framework; path = System/Library/Frameworks/Foundation.framework; sourceTree = SDKROOT; };
		9A7F400116E2E6DF00DDBE40 /* CoreGraphics.framework */ = {isa = PBXFileReference; lastKnownFileType = wrapper.framework; name = CoreGraphics.framework; path = System/Library/Frameworks/CoreGraphics.framework; sourceTree = SDKROOT; };
		9A7F400716E2E6DF00DDBE40 /* en */ = {isa = PBXFileReference; lastKnownFileType = text.plist.strings; name = en; path = en.lproj/InfoPlist.strings; sourceTree = "<group>"; };
		9A7F401616E2E6DF00DDBE40 /* en */ = {isa = PBXFileReference; lastKnownFileType = file.storyboard; name = en; path = en.lproj/MainStoryboard.storyboard; sourceTree = "<group>"; };
		9AB4EB1C16E9CFD0004F13B5 /* Sender.h */ = {isa = PBXFileReference; fileEncoding = 4; lastKnownFileType = sourcecode.c.h; name = Sender.h; path = models/Sender.h; sourceTree = "<group>"; };
		9AB4EB1D16E9CFD0004F13B5 /* Sender.mm */ = {isa = PBXFileReference; fileEncoding = 4; lastKnownFileType = sourcecode.cpp.objcpp; name = Sender.mm; path = models/Sender.mm; sourceTree = "<group>"; };
		9AB4EB1F16E9D055004F13B5 /* acceleration.png */ = {isa = PBXFileReference; lastKnownFileType = image.png; path = acceleration.png; sourceTree = "<group>"; };
		9AB4EB3016E9D07F004F13B5 /* SendController.h */ = {isa = PBXFileReference; fileEncoding = 4; lastKnownFileType = sourcecode.c.h; path = SendController.h; sourceTree = "<group>"; };
		9AB4EB3116E9D07F004F13B5 /* SendController.m */ = {isa = PBXFileReference; fileEncoding = 4; lastKnownFileType = sourcecode.c.objc; path = SendController.m; sourceTree = "<group>"; };
		9AB4EB3216E9D07F004F13B5 /* SensorSettingsController.h */ = {isa = PBXFileReference; fileEncoding = 4; lastKnownFileType = sourcecode.c.h; path = SensorSettingsController.h; sourceTree = "<group>"; };
		9AB4EB3316E9D07F004F13B5 /* SensorSettingsController.m */ = {isa = PBXFileReference; fileEncoding = 4; lastKnownFileType = sourcecode.c.objc; path = SensorSettingsController.m; sourceTree = "<group>"; };
		9AB4EB3616E9D1F3004F13B5 /* Default-568h@2x.png */ = {isa = PBXFileReference; lastKnownFileType = image.png; path = "Default-568h@2x.png"; sourceTree = "<group>"; };
		9AB4EB3816E9D20B004F13B5 /* Default@2x.png */ = {isa = PBXFileReference; lastKnownFileType = image.png; path = "Default@2x.png"; sourceTree = "<group>"; };
		9AB4EB3A16E9D214004F13B5 /* Default.png */ = {isa = PBXFileReference; lastKnownFileType = image.png; path = Default.png; sourceTree = "<group>"; };
		9AB4EB3C16E9D231004F13B5 /* icon.png */ = {isa = PBXFileReference; lastKnownFileType = image.png; path = icon.png; sourceTree = "<group>"; };
		9AB4EB3E16E9D23D004F13B5 /* icon-retina.png */ = {isa = PBXFileReference; lastKnownFileType = image.png; path = "icon-retina.png"; sourceTree = "<group>"; };
/* End PBXFileReference section */

/* Begin PBXFrameworksBuildPhase section */
		9A7F3FF716E2E6DF00DDBE40 /* Frameworks */ = {
			isa = PBXFrameworksBuildPhase;
			buildActionMask = 2147483647;
			files = (
				3C01B4C818DB77EC0044D432 /* libiOS-oscpack.a in Frameworks */,
				3C36A8F418C7DD7600D13CAF /* CoreMotion.framework in Frameworks */,
				9A7F3FFE16E2E6DF00DDBE40 /* UIKit.framework in Frameworks */,
				9A7F400016E2E6DF00DDBE40 /* Foundation.framework in Frameworks */,
				9A7F400216E2E6DF00DDBE40 /* CoreGraphics.framework in Frameworks */,
			);
			runOnlyForDeploymentPostprocessing = 0;
		};
/* End PBXFrameworksBuildPhase section */

/* Begin PBXGroup section */
		3C01B4BB18DB6E4B0044D432 /* Products */ = {
			isa = PBXGroup;
			children = (
				3C01B4C018DB6E4B0044D432 /* libiOS-oscpack.a */,
				3C01B4C218DB6E4B0044D432 /* iOS-oscpackTests.xctest */,
			);
			name = Products;
			sourceTree = "<group>";
		};
		3C2EE9091C1211D90079B8E1 /* Views */ = {
			isa = PBXGroup;
			children = (
				3CF9FFA41C20B86100A9F636 /* GraphView.swift */,
				3CF9FFA31C20B86000A9F636 /* SensorStreamer-Bridging-Header.h */,
			);
			name = Views;
			sourceTree = "<group>";
		};
		9A29D20116E3D951005519C6 /* Models */ = {
			isa = PBXGroup;
			children = (
				9AB4EB1C16E9CFD0004F13B5 /* Sender.h */,
				9AB4EB1D16E9CFD0004F13B5 /* Sender.mm */,
				9A29D1FE16E3D94C005519C6 /* SensorSettings.h */,
				9A29D1FF16E3D94C005519C6 /* SensorSettings.m */,
			);
			name = Models;
			sourceTree = "<group>";
		};
		9A7F3FF116E2E6DF00DDBE40 = {
			isa = PBXGroup;
			children = (
				3C01B4BA18DB6E4B0044D432 /* iOS-oscpack.xcodeproj */,
				9A7F400316E2E6DF00DDBE40 /* device-sensor-streamer */,
				9A7F3FFC16E2E6DF00DDBE40 /* Frameworks */,
				9A7F3FFB16E2E6DF00DDBE40 /* Products */,
			);
			sourceTree = "<group>";
		};
		9A7F3FFB16E2E6DF00DDBE40 /* Products */ = {
			isa = PBXGroup;
			children = (
				9A7F3FFA16E2E6DF00DDBE40 /* SensorStreamer.app */,
			);
			name = Products;
			sourceTree = "<group>";
		};
		9A7F3FFC16E2E6DF00DDBE40 /* Frameworks */ = {
			isa = PBXGroup;
			children = (
				3C36A8F318C7DD7600D13CAF /* CoreMotion.framework */,
				9A7F3FFD16E2E6DF00DDBE40 /* UIKit.framework */,
				9A7F3FFF16E2E6DF00DDBE40 /* Foundation.framework */,
				9A7F400116E2E6DF00DDBE40 /* CoreGraphics.framework */,
			);
			name = Frameworks;
			sourceTree = "<group>";
		};
		9A7F400316E2E6DF00DDBE40 /* device-sensor-streamer */ = {
			isa = PBXGroup;
			children = (
				3C2EE9091C1211D90079B8E1 /* Views */,
				9AB4EB2F16E9D07F004F13B5 /* Controllers */,
				9A29D20116E3D951005519C6 /* Models */,
				9A7F400416E2E6DF00DDBE40 /* Supporting Files */,
				9A7F403316E3018700DDBE40 /* Images */,
				9A7F401516E2E6DF00DDBE40 /* MainStoryboard.storyboard */,
			);
			path = "device-sensor-streamer";
			sourceTree = "<group>";
		};
		9A7F400416E2E6DF00DDBE40 /* Supporting Files */ = {
			isa = PBXGroup;
			children = (
				9A7F400616E2E6DF00DDBE40 /* InfoPlist.strings */,
				9A1B804616EABA1A00941540 /* main.m */,
				9A1B804716EABA1A00941540 /* SensorAppDelegate.h */,
				9A1B804816EABA1A00941540 /* SensorAppDelegate.m */,
				9A1B805816EACC0200941540 /* SensorStreamer-Info.plist */,
				9A1B805A16EACC3D00941540 /* SensorStreamer-Prefix.pch */,
			);
			name = "Supporting Files";
			sourceTree = "<group>";
		};
		9A7F403316E3018700DDBE40 /* Images */ = {
			isa = PBXGroup;
			children = (
				3CF9FFA81C224C4E00A9F636 /* alert.png */,
				3CF9FFA91C224C4E00A9F636 /* alert@2x.png */,
				3C098AF51C10CE1D00B7C282 /* broadcast.png */,
				3C098AF61C10CE1D00B7C282 /* broadcast@2x.png */,
				3C098AF11C10CCB800B7C282 /* settings.png */,
				3C098AF21C10CCB800B7C282 /* settings@2x.png */,
				9AB4EB3E16E9D23D004F13B5 /* icon-retina.png */,
				9AB4EB3C16E9D231004F13B5 /* icon.png */,
				9AB4EB3A16E9D214004F13B5 /* Default.png */,
				9AB4EB3816E9D20B004F13B5 /* Default@2x.png */,
				9AB4EB3616E9D1F3004F13B5 /* Default-568h@2x.png */,
				9AB4EB1F16E9D055004F13B5 /* acceleration.png */,
			);
			name = Images;
			path = images;
			sourceTree = "<group>";
		};
		9AB4EB2F16E9D07F004F13B5 /* Controllers */ = {
			isa = PBXGroup;
			children = (
				9AB4EB3016E9D07F004F13B5 /* SendController.h */,
				9AB4EB3116E9D07F004F13B5 /* SendController.m */,
				9AB4EB3216E9D07F004F13B5 /* SensorSettingsController.h */,
				9AB4EB3316E9D07F004F13B5 /* SensorSettingsController.m */,
			);
			name = Controllers;
			path = controllers;
			sourceTree = "<group>";
		};
/* End PBXGroup section */

/* Begin PBXNativeTarget section */
		9A7F3FF916E2E6DF00DDBE40 /* SensorStreamer */ = {
			isa = PBXNativeTarget;
			buildConfigurationList = 9A7F401D16E2E6E000DDBE40 /* Build configuration list for PBXNativeTarget "SensorStreamer" */;
			buildPhases = (
				9A7F3FF616E2E6DF00DDBE40 /* Sources */,
				9A7F3FF716E2E6DF00DDBE40 /* Frameworks */,
				9A7F3FF816E2E6DF00DDBE40 /* Resources */,
				3C199D3B1C1B746A003066A4 /* Embed Frameworks */,
			);
			buildRules = (
			);
			dependencies = (
				3C01B4C718DB77D00044D432 /* PBXTargetDependency */,
			);
			name = SensorStreamer;
			productName = "device-sensor-streamer";
			productReference = 9A7F3FFA16E2E6DF00DDBE40 /* SensorStreamer.app */;
			productType = "com.apple.product-type.application";
		};
/* End PBXNativeTarget section */

/* Begin PBXProject section */
		9A7F3FF216E2E6DF00DDBE40 /* Project object */ = {
			isa = PBXProject;
			attributes = {
				CLASSPREFIX = Sensor;
				LastSwiftUpdateCheck = 0720;
				LastUpgradeCheck = 0720;
				ORGANIZATIONNAME = "Gatormeier Business Consulting";
				TargetAttributes = {
					9A7F3FF916E2E6DF00DDBE40 = {
						DevelopmentTeam = 636LU7YBEN;
					};
				};
			};
			buildConfigurationList = 9A7F3FF516E2E6DF00DDBE40 /* Build configuration list for PBXProject "SensorStreamer" */;
			compatibilityVersion = "Xcode 3.2";
			developmentRegion = English;
			hasScannedForEncodings = 0;
			knownRegions = (
				en,
			);
			mainGroup = 9A7F3FF116E2E6DF00DDBE40;
			productRefGroup = 9A7F3FFB16E2E6DF00DDBE40 /* Products */;
			projectDirPath = "";
			projectReferences = (
				{
					ProductGroup = 3C01B4BB18DB6E4B0044D432 /* Products */;
					ProjectRef = 3C01B4BA18DB6E4B0044D432 /* iOS-oscpack.xcodeproj */;
				},
			);
			projectRoot = "";
			targets = (
				9A7F3FF916E2E6DF00DDBE40 /* SensorStreamer */,
			);
		};
/* End PBXProject section */

/* Begin PBXReferenceProxy section */
		3C01B4C018DB6E4B0044D432 /* libiOS-oscpack.a */ = {
			isa = PBXReferenceProxy;
			fileType = archive.ar;
			path = "libiOS-oscpack.a";
			remoteRef = 3C01B4BF18DB6E4B0044D432 /* PBXContainerItemProxy */;
			sourceTree = BUILT_PRODUCTS_DIR;
		};
		3C01B4C218DB6E4B0044D432 /* iOS-oscpackTests.xctest */ = {
			isa = PBXReferenceProxy;
			fileType = wrapper.cfbundle;
			path = "iOS-oscpackTests.xctest";
			remoteRef = 3C01B4C118DB6E4B0044D432 /* PBXContainerItemProxy */;
			sourceTree = BUILT_PRODUCTS_DIR;
		};
/* End PBXReferenceProxy section */

/* Begin PBXResourcesBuildPhase section */
		9A7F3FF816E2E6DF00DDBE40 /* Resources */ = {
			isa = PBXResourcesBuildPhase;
			buildActionMask = 2147483647;
			files = (
				9A7F400816E2E6DF00DDBE40 /* InfoPlist.strings in Resources */,
				9A7F401716E2E6DF00DDBE40 /* MainStoryboard.storyboard in Resources */,
				9AB4EB2716E9D055004F13B5 /* acceleration.png in Resources */,
				9AB4EB3716E9D1F4004F13B5 /* Default-568h@2x.png in Resources */,
				9AB4EB3916E9D20B004F13B5 /* Default@2x.png in Resources */,
				3CF9FFAB1C224C4E00A9F636 /* alert@2x.png in Resources */,
				3C098AF71C10CE1D00B7C282 /* broadcast.png in Resources */,
				3C098AF41C10CCB800B7C282 /* settings@2x.png in Resources */,
				9AB4EB3B16E9D215004F13B5 /* Default.png in Resources */,
				3C098AF81C10CE1D00B7C282 /* broadcast@2x.png in Resources */,
				3C098AF31C10CCB800B7C282 /* settings.png in Resources */,
				3CF9FFAA1C224C4E00A9F636 /* alert.png in Resources */,
				9AB4EB3D16E9D231004F13B5 /* icon.png in Resources */,
				9AB4EB3F16E9D23D004F13B5 /* icon-retina.png in Resources */,
			);
			runOnlyForDeploymentPostprocessing = 0;
		};
/* End PBXResourcesBuildPhase section */

/* Begin PBXSourcesBuildPhase section */
		9A7F3FF616E2E6DF00DDBE40 /* Sources */ = {
			isa = PBXSourcesBuildPhase;
			buildActionMask = 2147483647;
			files = (
				9A29D20016E3D94C005519C6 /* SensorSettings.m in Sources */,
				9AB4EB1E16E9CFD0004F13B5 /* Sender.mm in Sources */,
				3CF9FFA51C20B86100A9F636 /* GraphView.swift in Sources */,
				9AB4EB3416E9D07F004F13B5 /* SendController.m in Sources */,
				9AB4EB3516E9D07F004F13B5 /* SensorSettingsController.m in Sources */,
				9A1B804B16EABA1A00941540 /* main.m in Sources */,
				9A1B804C16EABA1A00941540 /* SensorAppDelegate.m in Sources */,
			);
			runOnlyForDeploymentPostprocessing = 0;
		};
/* End PBXSourcesBuildPhase section */

/* Begin PBXTargetDependency section */
		3C01B4C718DB77D00044D432 /* PBXTargetDependency */ = {
			isa = PBXTargetDependency;
			name = "iOS-oscpack";
			targetProxy = 3C01B4C618DB77D00044D432 /* PBXContainerItemProxy */;
		};
/* End PBXTargetDependency section */

/* Begin PBXVariantGroup section */
		9A7F400616E2E6DF00DDBE40 /* InfoPlist.strings */ = {
			isa = PBXVariantGroup;
			children = (
				9A7F400716E2E6DF00DDBE40 /* en */,
			);
			name = InfoPlist.strings;
			sourceTree = "<group>";
		};
		9A7F401516E2E6DF00DDBE40 /* MainStoryboard.storyboard */ = {
			isa = PBXVariantGroup;
			children = (
				9A7F401616E2E6DF00DDBE40 /* en */,
			);
			name = MainStoryboard.storyboard;
			sourceTree = "<group>";
		};
/* End PBXVariantGroup section */

/* Begin XCBuildConfiguration section */
		9A7F401B16E2E6E000DDBE40 /* Debug */ = {
			isa = XCBuildConfiguration;
			buildSettings = {
				ALWAYS_SEARCH_USER_PATHS = NO;
				CLANG_CXX_LANGUAGE_STANDARD = "gnu++0x";
				CLANG_CXX_LIBRARY = "libc++";
				CLANG_ENABLE_OBJC_ARC = YES;
				CLANG_WARN_CONSTANT_CONVERSION = YES;
				CLANG_WARN_EMPTY_BODY = YES;
				CLANG_WARN_ENUM_CONVERSION = YES;
				CLANG_WARN_INT_CONVERSION = YES;
				CLANG_WARN__DUPLICATE_METHOD_MATCH = YES;
				"CODE_SIGN_IDENTITY[sdk=iphoneos*]" = "iPhone Developer";
				COPY_PHASE_STRIP = NO;
				ENABLE_TESTABILITY = YES;
				GCC_C_LANGUAGE_STANDARD = gnu99;
				GCC_DYNAMIC_NO_PIC = NO;
				GCC_OPTIMIZATION_LEVEL = 0;
				GCC_PREPROCESSOR_DEFINITIONS = (
					"DEBUG=1",
					"$(inherited)",
				);
				GCC_SYMBOLS_PRIVATE_EXTERN = NO;
				GCC_WARN_ABOUT_RETURN_TYPE = YES;
				GCC_WARN_UNINITIALIZED_AUTOS = YES;
				GCC_WARN_UNUSED_VARIABLE = YES;
				IPHONEOS_DEPLOYMENT_TARGET = 9.0;
				ONLY_ACTIVE_ARCH = YES;
				SDKROOT = iphoneos;
			};
			name = Debug;
		};
		9A7F401C16E2E6E000DDBE40 /* Release */ = {
			isa = XCBuildConfiguration;
			buildSettings = {
				ALWAYS_SEARCH_USER_PATHS = NO;
				CLANG_CXX_LANGUAGE_STANDARD = "gnu++0x";
				CLANG_CXX_LIBRARY = "libc++";
				CLANG_ENABLE_OBJC_ARC = YES;
				CLANG_WARN_CONSTANT_CONVERSION = YES;
				CLANG_WARN_EMPTY_BODY = YES;
				CLANG_WARN_ENUM_CONVERSION = YES;
				CLANG_WARN_INT_CONVERSION = YES;
				CLANG_WARN__DUPLICATE_METHOD_MATCH = YES;
				"CODE_SIGN_IDENTITY[sdk=iphoneos*]" = "iPhone Developer";
				COPY_PHASE_STRIP = YES;
				GCC_C_LANGUAGE_STANDARD = gnu99;
				GCC_WARN_ABOUT_RETURN_TYPE = YES;
				GCC_WARN_UNINITIALIZED_AUTOS = YES;
				GCC_WARN_UNUSED_VARIABLE = YES;
				IPHONEOS_DEPLOYMENT_TARGET = 9.0;
				OTHER_CFLAGS = "-DNS_BLOCK_ASSERTIONS=1";
				SDKROOT = iphoneos;
				VALIDATE_PRODUCT = YES;
			};
			name = Release;
		};
		9A7F401E16E2E6E000DDBE40 /* Debug */ = {
			isa = XCBuildConfiguration;
			buildSettings = {
				CLANG_ENABLE_MODULES = YES;
				CODE_SIGN_IDENTITY = "iPhone Developer";
				"CODE_SIGN_IDENTITY[sdk=iphoneos*]" = "iPhone Developer";
				EMBEDDED_CONTENT_CONTAINS_SWIFT = NO;
				FRAMEWORK_SEARCH_PATHS = "";
				GCC_PRECOMPILE_PREFIX_HEADER = YES;
				GCC_PREFIX_HEADER = "device-sensor-streamer/SensorStreamer-Prefix.pch";
				HEADER_SEARCH_PATHS = (
					"$(inherited)",
					/Applications/Xcode.app/Contents/Developer/Toolchains/XcodeDefault.xctoolchain/usr/include,
					"$(SRCROOT)/../iOS-oscpack/**",
				);
				INFOPLIST_FILE = "device-sensor-streamer/SensorStreamer-Info.plist";
				IPHONEOS_DEPLOYMENT_TARGET = 9.0;
				LD_RUNPATH_SEARCH_PATHS = "$(inherited) @executable_path/Frameworks";
				PRODUCT_BUNDLE_IDENTIFIER = com.heistersgenerative.sensorosc;
				PRODUCT_NAME = SensorStreamer;
				PROVISIONING_PROFILE = "";
				SWIFT_OBJC_BRIDGING_HEADER = "device-sensor-streamer/SensorStreamer-Bridging-Header.h";
				SWIFT_OPTIMIZATION_LEVEL = "-Onone";
				WRAPPER_EXTENSION = app;
			};
			name = Debug;
		};
		9A7F401F16E2E6E000DDBE40 /* Release */ = {
			isa = XCBuildConfiguration;
			buildSettings = {
				CLANG_ENABLE_MODULES = YES;
				CODE_SIGN_IDENTITY = "iPhone Developer";
				"CODE_SIGN_IDENTITY[sdk=iphoneos*]" = "iPhone Developer";
				EMBEDDED_CONTENT_CONTAINS_SWIFT = NO;
				FRAMEWORK_SEARCH_PATHS = "";
				GCC_PRECOMPILE_PREFIX_HEADER = YES;
				GCC_PREFIX_HEADER = "device-sensor-streamer/SensorStreamer-Prefix.pch";
				HEADER_SEARCH_PATHS = (
					"$(inherited)",
					/Applications/Xcode.app/Contents/Developer/Toolchains/XcodeDefault.xctoolchain/usr/include,
					"$(SRCROOT)/../iOS-oscpack/**",
				);
				INFOPLIST_FILE = "device-sensor-streamer/SensorStreamer-Info.plist";
				IPHONEOS_DEPLOYMENT_TARGET = 9.0;
				LD_RUNPATH_SEARCH_PATHS = "$(inherited) @executable_path/Frameworks";
				PRODUCT_BUNDLE_IDENTIFIER = com.heistersgenerative.sensorosc;
				PRODUCT_NAME = SensorStreamer;
				PROVISIONING_PROFILE = "";
				SWIFT_OBJC_BRIDGING_HEADER = "device-sensor-streamer/SensorStreamer-Bridging-Header.h";
				WRAPPER_EXTENSION = app;
			};
			name = Release;
		};
/* End XCBuildConfiguration section */

/* Begin XCConfigurationList section */
		9A7F3FF516E2E6DF00DDBE40 /* Build configuration list for PBXProject "SensorStreamer" */ = {
			isa = XCConfigurationList;
			buildConfigurations = (
				9A7F401B16E2E6E000DDBE40 /* Debug */,
				9A7F401C16E2E6E000DDBE40 /* Release */,
			);
			defaultConfigurationIsVisible = 0;
			defaultConfigurationName = Release;
		};
		9A7F401D16E2E6E000DDBE40 /* Build configuration list for PBXNativeTarget "SensorStreamer" */ = {
			isa = XCConfigurationList;
			buildConfigurations = (
				9A7F401E16E2E6E000DDBE40 /* Debug */,
				9A7F401F16E2E6E000DDBE40 /* Release */,
			);
			defaultConfigurationIsVisible = 0;
			defaultConfigurationName = Release;
		};
/* End XCConfigurationList section */
	};
	rootObject = 9A7F3FF216E2E6DF00DDBE40 /* Project object */;
}
